// !$*UTF8*$!
{
	archiveVersion = 1;
	classes = {
	};
	objectVersion = 46;
	objects = {

/* Begin PBXBuildFile section */
		84865C601D48541A000C3215 /* AppDelegate.swift in Sources */ = {isa = PBXBuildFile; fileRef = 84865C5F1D48541A000C3215 /* AppDelegate.swift */; };
		84865C621D48541A000C3215 /* ViewController.swift in Sources */ = {isa = PBXBuildFile; fileRef = 84865C611D48541A000C3215 /* ViewController.swift */; };
		84865C651D48541A000C3215 /* Main.storyboard in Resources */ = {isa = PBXBuildFile; fileRef = 84865C631D48541A000C3215 /* Main.storyboard */; };
		84865C671D48541A000C3215 /* Assets.xcassets in Resources */ = {isa = PBXBuildFile; fileRef = 84865C661D48541A000C3215 /* Assets.xcassets */; };
		84865C6A1D48541A000C3215 /* LaunchScreen.storyboard in Resources */ = {isa = PBXBuildFile; fileRef = 84865C681D48541A000C3215 /* LaunchScreen.storyboard */; };
		84865C751D48541B000C3215 /* SendbirdChatDemoTests.swift in Sources */ = {isa = PBXBuildFile; fileRef = 84865C741D48541B000C3215 /* SendbirdChatDemoTests.swift */; };
		84865C801D48541B000C3215 /* SendbirdChatDemoUITests.swift in Sources */ = {isa = PBXBuildFile; fileRef = 84865C7F1D48541B000C3215 /* SendbirdChatDemoUITests.swift */; };
/* End PBXBuildFile section */

/* Begin PBXContainerItemProxy section */
		84865C711D48541B000C3215 /* PBXContainerItemProxy */ = {
			isa = PBXContainerItemProxy;
			containerPortal = 84865C541D48541A000C3215 /* Project object */;
			proxyType = 1;
			remoteGlobalIDString = 84865C5B1D48541A000C3215;
			remoteInfo = SendbirdChatDemo;
		};
		84865C7C1D48541B000C3215 /* PBXContainerItemProxy */ = {
			isa = PBXContainerItemProxy;
			containerPortal = 84865C541D48541A000C3215 /* Project object */;
			proxyType = 1;
			remoteGlobalIDString = 84865C5B1D48541A000C3215;
			remoteInfo = SendbirdChatDemo;
		};
/* End PBXContainerItemProxy section */

/* Begin PBXFileReference section */
		84865C5C1D48541A000C3215 /* SendbirdChatDemo.app */ = {isa = PBXFileReference; explicitFileType = wrapper.application; includeInIndex = 0; path = SendbirdChatDemo.app; sourceTree = BUILT_PRODUCTS_DIR; };
		84865C5F1D48541A000C3215 /* AppDelegate.swift */ = {isa = PBXFileReference; lastKnownFileType = sourcecode.swift; path = AppDelegate.swift; sourceTree = "<group>"; };
		84865C611D48541A000C3215 /* ViewController.swift */ = {isa = PBXFileReference; lastKnownFileType = sourcecode.swift; path = ViewController.swift; sourceTree = "<group>"; };
		84865C641D48541A000C3215 /* Base */ = {isa = PBXFileReference; lastKnownFileType = file.storyboard; name = Base; path = Base.lproj/Main.storyboard; sourceTree = "<group>"; };
		84865C661D48541A000C3215 /* Assets.xcassets */ = {isa = PBXFileReference; lastKnownFileType = folder.assetcatalog; path = Assets.xcassets; sourceTree = "<group>"; };
		84865C691D48541A000C3215 /* Base */ = {isa = PBXFileReference; lastKnownFileType = file.storyboard; name = Base; path = Base.lproj/LaunchScreen.storyboard; sourceTree = "<group>"; };
		84865C6B1D48541A000C3215 /* Info.plist */ = {isa = PBXFileReference; lastKnownFileType = text.plist.xml; path = Info.plist; sourceTree = "<group>"; };
		84865C701D48541B000C3215 /* SendbirdChatDemoTests.xctest */ = {isa = PBXFileReference; explicitFileType = wrapper.cfbundle; includeInIndex = 0; path = SendbirdChatDemoTests.xctest; sourceTree = BUILT_PRODUCTS_DIR; };
		84865C741D48541B000C3215 /* SendbirdChatDemoTests.swift */ = {isa = PBXFileReference; lastKnownFileType = sourcecode.swift; path = SendbirdChatDemoTests.swift; sourceTree = "<group>"; };
		84865C761D48541B000C3215 /* Info.plist */ = {isa = PBXFileReference; lastKnownFileType = text.plist.xml; path = Info.plist; sourceTree = "<group>"; };
		84865C7B1D48541B000C3215 /* SendbirdChatDemoUITests.xctest */ = {isa = PBXFileReference; explicitFileType = wrapper.cfbundle; includeInIndex = 0; path = SendbirdChatDemoUITests.xctest; sourceTree = BUILT_PRODUCTS_DIR; };
		84865C7F1D48541B000C3215 /* SendbirdChatDemoUITests.swift */ = {isa = PBXFileReference; lastKnownFileType = sourcecode.swift; path = SendbirdChatDemoUITests.swift; sourceTree = "<group>"; };
		84865C811D48541B000C3215 /* Info.plist */ = {isa = PBXFileReference; lastKnownFileType = text.plist.xml; path = Info.plist; sourceTree = "<group>"; };
/* End PBXFileReference section */

/* Begin PBXFrameworksBuildPhase section */
		84865C591D48541A000C3215 /* Frameworks */ = {
			isa = PBXFrameworksBuildPhase;
			buildActionMask = 2147483647;
			files = (
			);
			runOnlyForDeploymentPostprocessing = 0;
		};
		84865C6D1D48541B000C3215 /* Frameworks */ = {
			isa = PBXFrameworksBuildPhase;
			buildActionMask = 2147483647;
			files = (
			);
			runOnlyForDeploymentPostprocessing = 0;
		};
		84865C781D48541B000C3215 /* Frameworks */ = {
			isa = PBXFrameworksBuildPhase;
			buildActionMask = 2147483647;
			files = (
			);
			runOnlyForDeploymentPostprocessing = 0;
		};
/* End PBXFrameworksBuildPhase section */

/* Begin PBXGroup section */
		84865C531D48541A000C3215 = {
			isa = PBXGroup;
			children = (
				84865C5E1D48541A000C3215 /* SendbirdChatDemo */,
				84865C731D48541B000C3215 /* SendbirdChatDemoTests */,
				84865C7E1D48541B000C3215 /* SendbirdChatDemoUITests */,
				84865C5D1D48541A000C3215 /* Products */,
			);
			sourceTree = "<group>";
		};
		84865C5D1D48541A000C3215 /* Products */ = {
			isa = PBXGroup;
			children = (
				84865C5C1D48541A000C3215 /* SendbirdChatDemo.app */,
				84865C701D48541B000C3215 /* SendbirdChatDemoTests.xctest */,
				84865C7B1D48541B000C3215 /* SendbirdChatDemoUITests.xctest */,
			);
			name = Products;
			sourceTree = "<group>";
		};
		84865C5E1D48541A000C3215 /* SendbirdChatDemo */ = {
			isa = PBXGroup;
			children = (
				84865C5F1D48541A000C3215 /* AppDelegate.swift */,
				84865C611D48541A000C3215 /* ViewController.swift */,
				84865C631D48541A000C3215 /* Main.storyboard */,
				84865C661D48541A000C3215 /* Assets.xcassets */,
				84865C681D48541A000C3215 /* LaunchScreen.storyboard */,
				84865C6B1D48541A000C3215 /* Info.plist */,
			);
			path = SendbirdChatDemo;
			sourceTree = "<group>";
		};
		84865C731D48541B000C3215 /* SendbirdChatDemoTests */ = {
			isa = PBXGroup;
			children = (
				84865C741D48541B000C3215 /* SendbirdChatDemoTests.swift */,
				84865C761D48541B000C3215 /* Info.plist */,
			);
			path = SendbirdChatDemoTests;
			sourceTree = "<group>";
		};
		84865C7E1D48541B000C3215 /* SendbirdChatDemoUITests */ = {
			isa = PBXGroup;
			children = (
				84865C7F1D48541B000C3215 /* SendbirdChatDemoUITests.swift */,
				84865C811D48541B000C3215 /* Info.plist */,
			);
			path = SendbirdChatDemoUITests;
			sourceTree = "<group>";
		};
/* End PBXGroup section */

/* Begin PBXNativeTarget section */
		84865C5B1D48541A000C3215 /* SendbirdChatDemo */ = {
			isa = PBXNativeTarget;
			buildConfigurationList = 84865C841D48541B000C3215 /* Build configuration list for PBXNativeTarget "SendbirdChatDemo" */;
			buildPhases = (
				84865C581D48541A000C3215 /* Sources */,
				84865C591D48541A000C3215 /* Frameworks */,
				84865C5A1D48541A000C3215 /* Resources */,
			);
			buildRules = (
			);
			dependencies = (
			);
			name = SendbirdChatDemo;
			productName = SendbirdChatDemo;
			productReference = 84865C5C1D48541A000C3215 /* SendbirdChatDemo.app */;
			productType = "com.apple.product-type.application";
		};
		84865C6F1D48541B000C3215 /* SendbirdChatDemoTests */ = {
			isa = PBXNativeTarget;
			buildConfigurationList = 84865C871D48541B000C3215 /* Build configuration list for PBXNativeTarget "SendbirdChatDemoTests" */;
			buildPhases = (
				84865C6C1D48541B000C3215 /* Sources */,
				84865C6D1D48541B000C3215 /* Frameworks */,
				84865C6E1D48541B000C3215 /* Resources */,
			);
			buildRules = (
			);
			dependencies = (
				84865C721D48541B000C3215 /* PBXTargetDependency */,
			);
			name = SendbirdChatDemoTests;
			productName = SendbirdChatDemoTests;
			productReference = 84865C701D48541B000C3215 /* SendbirdChatDemoTests.xctest */;
			productType = "com.apple.product-type.bundle.unit-test";
		};
		84865C7A1D48541B000C3215 /* SendbirdChatDemoUITests */ = {
			isa = PBXNativeTarget;
			buildConfigurationList = 84865C8A1D48541B000C3215 /* Build configuration list for PBXNativeTarget "SendbirdChatDemoUITests" */;
			buildPhases = (
				84865C771D48541B000C3215 /* Sources */,
				84865C781D48541B000C3215 /* Frameworks */,
				84865C791D48541B000C3215 /* Resources */,
			);
			buildRules = (
			);
			dependencies = (
				84865C7D1D48541B000C3215 /* PBXTargetDependency */,
			);
			name = SendbirdChatDemoUITests;
			productName = SendbirdChatDemoUITests;
			productReference = 84865C7B1D48541B000C3215 /* SendbirdChatDemoUITests.xctest */;
			productType = "com.apple.product-type.bundle.ui-testing";
		};
/* End PBXNativeTarget section */

/* Begin PBXProject section */
		84865C541D48541A000C3215 /* Project object */ = {
			isa = PBXProject;
			attributes = {
				LastSwiftUpdateCheck = 0730;
				LastUpgradeCheck = 0730;
				ORGANIZATIONNAME = framgia;
				TargetAttributes = {
					84865C5B1D48541A000C3215 = {
						CreatedOnToolsVersion = 7.3;
					};
					84865C6F1D48541B000C3215 = {
						CreatedOnToolsVersion = 7.3;
						TestTargetID = 84865C5B1D48541A000C3215;
					};
					84865C7A1D48541B000C3215 = {
						CreatedOnToolsVersion = 7.3;
						TestTargetID = 84865C5B1D48541A000C3215;
					};
				};
			};
			buildConfigurationList = 84865C571D48541A000C3215 /* Build configuration list for PBXProject "SendbirdChatDemo" */;
			compatibilityVersion = "Xcode 3.2";
			developmentRegion = English;
			hasScannedForEncodings = 0;
			knownRegions = (
				en,
				Base,
			);
			mainGroup = 84865C531D48541A000C3215;
			productRefGroup = 84865C5D1D48541A000C3215 /* Products */;
			projectDirPath = "";
			projectRoot = "";
			targets = (
				84865C5B1D48541A000C3215 /* SendbirdChatDemo */,
				84865C6F1D48541B000C3215 /* SendbirdChatDemoTests */,
				84865C7A1D48541B000C3215 /* SendbirdChatDemoUITests */,
			);
		};
/* End PBXProject section */

/* Begin PBXResourcesBuildPhase section */
		84865C5A1D48541A000C3215 /* Resources */ = {
			isa = PBXResourcesBuildPhase;
			buildActionMask = 2147483647;
			files = (
				84865C6A1D48541A000C3215 /* LaunchScreen.storyboard in Resources */,
				84865C671D48541A000C3215 /* Assets.xcassets in Resources */,
				84865C651D48541A000C3215 /* Main.storyboard in Resources */,
			);
			runOnlyForDeploymentPostprocessing = 0;
		};
		84865C6E1D48541B000C3215 /* Resources */ = {
			isa = PBXResourcesBuildPhase;
			buildActionMask = 2147483647;
			files = (
			);
			runOnlyForDeploymentPostprocessing = 0;
		};
		84865C791D48541B000C3215 /* Resources */ = {
			isa = PBXResourcesBuildPhase;
			buildActionMask = 2147483647;
			files = (
			);
			runOnlyForDeploymentPostprocessing = 0;
		};
/* End PBXResourcesBuildPhase section */

/* Begin PBXSourcesBuildPhase section */
		84865C581D48541A000C3215 /* Sources */ = {
			isa = PBXSourcesBuildPhase;
			buildActionMask = 2147483647;
			files = (
				84865C621D48541A000C3215 /* ViewController.swift in Sources */,
				84865C601D48541A000C3215 /* AppDelegate.swift in Sources */,
			);
			runOnlyForDeploymentPostprocessing = 0;
		};
		84865C6C1D48541B000C3215 /* Sources */ = {
			isa = PBXSourcesBuildPhase;
			buildActionMask = 2147483647;
			files = (
				84865C751D48541B000C3215 /* SendbirdChatDemoTests.swift in Sources */,
			);
			runOnlyForDeploymentPostprocessing = 0;
		};
		84865C771D48541B000C3215 /* Sources */ = {
			isa = PBXSourcesBuildPhase;
			buildActionMask = 2147483647;
			files = (
				84865C801D48541B000C3215 /* SendbirdChatDemoUITests.swift in Sources */,
			);
			runOnlyForDeploymentPostprocessing = 0;
		};
/* End PBXSourcesBuildPhase section */

/* Begin PBXTargetDependency section */
		84865C721D48541B000C3215 /* PBXTargetDependency */ = {
			isa = PBXTargetDependency;
			target = 84865C5B1D48541A000C3215 /* SendbirdChatDemo */;
			targetProxy = 84865C711D48541B000C3215 /* PBXContainerItemProxy */;
		};
		84865C7D1D48541B000C3215 /* PBXTargetDependency */ = {
			isa = PBXTargetDependency;
			target = 84865C5B1D48541A000C3215 /* SendbirdChatDemo */;
			targetProxy = 84865C7C1D48541B000C3215 /* PBXContainerItemProxy */;
		};
/* End PBXTargetDependency section */

/* Begin PBXVariantGroup section */
		84865C631D48541A000C3215 /* Main.storyboard */ = {
			isa = PBXVariantGroup;
			children = (
				84865C641D48541A000C3215 /* Base */,
			);
			name = Main.storyboard;
			sourceTree = "<group>";
		};
		84865C681D48541A000C3215 /* LaunchScreen.storyboard */ = {
			isa = PBXVariantGroup;
			children = (
				84865C691D48541A000C3215 /* Base */,
			);
			name = LaunchScreen.storyboard;
			sourceTree = "<group>";
		};
/* End PBXVariantGroup section */

/* Begin XCBuildConfiguration section */
		84865C821D48541B000C3215 /* Debug */ = {
			isa = XCBuildConfiguration;
			buildSettings = {
				ALWAYS_SEARCH_USER_PATHS = NO;
				CLANG_ANALYZER_NONNULL = YES;
				CLANG_CXX_LANGUAGE_STANDARD = "gnu++0x";
				CLANG_CXX_LIBRARY = "libc++";
				CLANG_ENABLE_MODULES = YES;
				CLANG_ENABLE_OBJC_ARC = YES;
				CLANG_WARN_BOOL_CONVERSION = YES;
				CLANG_WARN_CONSTANT_CONVERSION = YES;
				CLANG_WARN_DIRECT_OBJC_ISA_USAGE = YES_ERROR;
				CLANG_WARN_EMPTY_BODY = YES;
				CLANG_WARN_ENUM_CONVERSION = YES;
				CLANG_WARN_INT_CONVERSION = YES;
				CLANG_WARN_OBJC_ROOT_CLASS = YES_ERROR;
				CLANG_WARN_UNREACHABLE_CODE = YES;
				CLANG_WARN__DUPLICATE_METHOD_MATCH = YES;
				"CODE_SIGN_IDENTITY[sdk=iphoneos*]" = "iPhone Developer";
				COPY_PHASE_STRIP = NO;
				DEBUG_INFORMATION_FORMAT = dwarf;
				ENABLE_STRICT_OBJC_MSGSEND = YES;
				ENABLE_TESTABILITY = YES;
				GCC_C_LANGUAGE_STANDARD = gnu99;
				GCC_DYNAMIC_NO_PIC = NO;
				GCC_NO_COMMON_BLOCKS = YES;
				GCC_OPTIMIZATION_LEVEL = 0;
				GCC_PREPROCESSOR_DEFINITIONS = (
					"DEBUG=1",
					"$(inherited)",
				);
				GCC_WARN_64_TO_32_BIT_CONVERSION = YES;
				GCC_WARN_ABOUT_RETURN_TYPE = YES_ERROR;
				GCC_WARN_UNDECLARED_SELECTOR = YES;
				GCC_WARN_UNINITIALIZED_AUTOS = YES_AGGRESSIVE;
				GCC_WARN_UNUSED_FUNCTION = YES;
				GCC_WARN_UNUSED_VARIABLE = YES;
				IPHONEOS_DEPLOYMENT_TARGET = 9.3;
				MTL_ENABLE_DEBUG_INFO = YES;
				ONLY_ACTIVE_ARCH = YES;
				SDKROOT = iphoneos;
				SWIFT_OPTIMIZATION_LEVEL = "-Onone";
			};
			name = Debug;
		};
		84865C831D48541B000C3215 /* Release */ = {
			isa = XCBuildConfiguration;
			buildSettings = {
				ALWAYS_SEARCH_USER_PATHS = NO;
				CLANG_ANALYZER_NONNULL = YES;
				CLANG_CXX_LANGUAGE_STANDARD = "gnu++0x";
				CLANG_CXX_LIBRARY = "libc++";
				CLANG_ENABLE_MODULES = YES;
				CLANG_ENABLE_OBJC_ARC = YES;
				CLANG_WARN_BOOL_CONVERSION = YES;
				CLANG_WARN_CONSTANT_CONVERSION = YES;
				CLANG_WARN_DIRECT_OBJC_ISA_USAGE = YES_ERROR;
				CLANG_WARN_EMPTY_BODY = YES;
				CLANG_WARN_ENUM_CONVERSION = YES;
				CLANG_WARN_INT_CONVERSION = YES;
				CLANG_WARN_OBJC_ROOT_CLASS = YES_ERROR;
				CLANG_WARN_UNREACHABLE_CODE = YES;
				CLANG_WARN__DUPLICATE_METHOD_MATCH = YES;
				"CODE_SIGN_IDENTITY[sdk=iphoneos*]" = "iPhone Developer";
				COPY_PHASE_STRIP = NO;
				DEBUG_INFORMATION_FORMAT = "dwarf-with-dsym";
				ENABLE_NS_ASSERTIONS = NO;
				ENABLE_STRICT_OBJC_MSGSEND = YES;
				GCC_C_LANGUAGE_STANDARD = gnu99;
				GCC_NO_COMMON_BLOCKS = YES;
				GCC_WARN_64_TO_32_BIT_CONVERSION = YES;
				GCC_WARN_ABOUT_RETURN_TYPE = YES_ERROR;
				GCC_WARN_UNDECLARED_SELECTOR = YES;
				GCC_WARN_UNINITIALIZED_AUTOS = YES_AGGRESSIVE;
				GCC_WARN_UNUSED_FUNCTION = YES;
				GCC_WARN_UNUSED_VARIABLE = YES;
				IPHONEOS_DEPLOYMENT_TARGET = 9.3;
				MTL_ENABLE_DEBUG_INFO = NO;
				SDKROOT = iphoneos;
				VALIDATE_PRODUCT = YES;
			};
			name = Release;
		};
		84865C851D48541B000C3215 /* Debug */ = {
			isa = XCBuildConfiguration;
			buildSettings = {
				ASSETCATALOG_COMPILER_APPICON_NAME = AppIcon;
				INFOPLIST_FILE = SendbirdChatDemo/Info.plist;
				LD_RUNPATH_SEARCH_PATHS = "$(inherited) @executable_path/Frameworks";
				PRODUCT_BUNDLE_IDENTIFIER = com.framgia.SendbirdChatDemo;
				PRODUCT_NAME = "$(TARGET_NAME)";
			};
			name = Debug;
		};
		84865C861D48541B000C3215 /* Release */ = {
			isa = XCBuildConfiguration;
			buildSettings = {
				ASSETCATALOG_COMPILER_APPICON_NAME = AppIcon;
				INFOPLIST_FILE = SendbirdChatDemo/Info.plist;
				LD_RUNPATH_SEARCH_PATHS = "$(inherited) @executable_path/Frameworks";
				PRODUCT_BUNDLE_IDENTIFIER = com.framgia.SendbirdChatDemo;
				PRODUCT_NAME = "$(TARGET_NAME)";
			};
			name = Release;
		};
		84865C881D48541B000C3215 /* Debug */ = {
			isa = XCBuildConfiguration;
			buildSettings = {
				BUNDLE_LOADER = "$(TEST_HOST)";
				INFOPLIST_FILE = SendbirdChatDemoTests/Info.plist;
				LD_RUNPATH_SEARCH_PATHS = "$(inherited) @executable_path/Frameworks @loader_path/Frameworks";
				PRODUCT_BUNDLE_IDENTIFIER = com.framgia.SendbirdChatDemoTests;
				PRODUCT_NAME = "$(TARGET_NAME)";
				TEST_HOST = "$(BUILT_PRODUCTS_DIR)/SendbirdChatDemo.app/SendbirdChatDemo";
			};
			name = Debug;
		};
		84865C891D48541B000C3215 /* Release */ = {
			isa = XCBuildConfiguration;
			buildSettings = {
				BUNDLE_LOADER = "$(TEST_HOST)";
				INFOPLIST_FILE = SendbirdChatDemoTests/Info.plist;
				LD_RUNPATH_SEARCH_PATHS = "$(inherited) @executable_path/Frameworks @loader_path/Frameworks";
				PRODUCT_BUNDLE_IDENTIFIER = com.framgia.SendbirdChatDemoTests;
				PRODUCT_NAME = "$(TARGET_NAME)";
				TEST_HOST = "$(BUILT_PRODUCTS_DIR)/SendbirdChatDemo.app/SendbirdChatDemo";
			};
			name = Release;
		};
		84865C8B1D48541B000C3215 /* Debug */ = {
			isa = XCBuildConfiguration;
			buildSettings = {
				INFOPLIST_FILE = SendbirdChatDemoUITests/Info.plist;
				LD_RUNPATH_SEARCH_PATHS = "$(inherited) @executable_path/Frameworks @loader_path/Frameworks";
				PRODUCT_BUNDLE_IDENTIFIER = com.framgia.SendbirdChatDemoUITests;
				PRODUCT_NAME = "$(TARGET_NAME)";
				TEST_TARGET_NAME = SendbirdChatDemo;
			};
			name = Debug;
		};
		84865C8C1D48541B000C3215 /* Release */ = {
			isa = XCBuildConfiguration;
			buildSettings = {
				INFOPLIST_FILE = SendbirdChatDemoUITests/Info.plist;
				LD_RUNPATH_SEARCH_PATHS = "$(inherited) @executable_path/Frameworks @loader_path/Frameworks";
				PRODUCT_BUNDLE_IDENTIFIER = com.framgia.SendbirdChatDemoUITests;
				PRODUCT_NAME = "$(TARGET_NAME)";
				TEST_TARGET_NAME = SendbirdChatDemo;
			};
			name = Release;
		};
/* End XCBuildConfiguration section */

/* Begin XCConfigurationList section */
		84865C571D48541A000C3215 /* Build configuration list for PBXProject "SendbirdChatDemo" */ = {
			isa = XCConfigurationList;
			buildConfigurations = (
				84865C821D48541B000C3215 /* Debug */,
				84865C831D48541B000C3215 /* Release */,
			);
			defaultConfigurationIsVisible = 0;
			defaultConfigurationName = Release;
		};
		84865C841D48541B000C3215 /* Build configuration list for PBXNativeTarget "SendbirdChatDemo" */ = {
			isa = XCConfigurationList;
			buildConfigurations = (
				84865C851D48541B000C3215 /* Debug */,
				84865C861D48541B000C3215 /* Release */,
			);
			defaultConfigurationIsVisible = 0;
		};
		84865C871D48541B000C3215 /* Build configuration list for PBXNativeTarget "SendbirdChatDemoTests" */ = {
			isa = XCConfigurationList;
			buildConfigurations = (
				84865C881D48541B000C3215 /* Debug */,
				84865C891D48541B000C3215 /* Release */,
			);
			defaultConfigurationIsVisible = 0;
		};
		84865C8A1D48541B000C3215 /* Build configuration list for PBXNativeTarget "SendbirdChatDemoUITests" */ = {
			isa = XCConfigurationList;
			buildConfigurations = (
				84865C8B1D48541B000C3215 /* Debug */,
				84865C8C1D48541B000C3215 /* Release */,
			);
			defaultConfigurationIsVisible = 0;
		};
/* End XCConfigurationList section */
	};
	rootObject = 84865C541D48541A000C3215 /* Project object */;
}
